// !$*UTF8*$!
{
	archiveVersion = 1;
	classes = {
	};
	objectVersion = 50;
	objects = {

/* Begin PBXBuildFile section */
		1F21BA04224923230089A1AD /* FixtureGenerator.swift in Sources */ = {isa = PBXBuildFile; fileRef = 1F21BA03224923230089A1AD /* FixtureGenerator.swift */; };
		1FB25812224929180035399F /* Surcharge.swift in Sources */ = {isa = PBXBuildFile; fileRef = 1FB257FC224929160035399F /* Surcharge.swift */; };
		1FB25813224929180035399F /* OrderItem.swift in Sources */ = {isa = PBXBuildFile; fileRef = 1FB257FD224929160035399F /* OrderItem.swift */; };
		1FB25814224929180035399F /* Rounder.swift in Sources */ = {isa = PBXBuildFile; fileRef = 1FB257FE224929160035399F /* Rounder.swift */; };
		1FB25815224929180035399F /* MenuDisplayable.swift in Sources */ = {isa = PBXBuildFile; fileRef = 1FB257FF224929160035399F /* MenuDisplayable.swift */; };
		1FB25816224929180035399F /* Stall.swift in Sources */ = {isa = PBXBuildFile; fileRef = 1FB25800224929170035399F /* Stall.swift */; };
		1FB25817224929180035399F /* Discount.swift in Sources */ = {isa = PBXBuildFile; fileRef = 1FB25801224929170035399F /* Discount.swift */; };
		1FB25818224929180035399F /* Order.swift in Sources */ = {isa = PBXBuildFile; fileRef = 1FB25802224929170035399F /* Order.swift */; };
		1FB25819224929180035399F /* OrderHistory.swift in Sources */ = {isa = PBXBuildFile; fileRef = 1FB25803224929170035399F /* OrderHistory.swift */; };
		1FB2581A224929180035399F /* SetMenuItem.swift in Sources */ = {isa = PBXBuildFile; fileRef = 1FB25804224929170035399F /* SetMenuItem.swift */; };
		1FB2581B224929180035399F /* MenuItemOptionType.swift in Sources */ = {isa = PBXBuildFile; fileRef = 1FB25805224929170035399F /* MenuItemOptionType.swift */; };
		1FB2581C224929180035399F /* TimeCondition.swift in Sources */ = {isa = PBXBuildFile; fileRef = 1FB25806224929170035399F /* TimeCondition.swift */; };
		1FB2581D224929180035399F /* IndividualMenuItem.swift in Sources */ = {isa = PBXBuildFile; fileRef = 1FB25807224929170035399F /* IndividualMenuItem.swift */; };
		1FB2581E224929180035399F /* Customer.swift in Sources */ = {isa = PBXBuildFile; fileRef = 1FB25808224929170035399F /* Customer.swift */; };
		1FB2581F224929180035399F /* PriceModifier.swift in Sources */ = {isa = PBXBuildFile; fileRef = 1FB25809224929170035399F /* PriceModifier.swift */; };
		1FB25820224929180035399F /* MenuItemOption.swift in Sources */ = {isa = PBXBuildFile; fileRef = 1FB2580A224929180035399F /* MenuItemOption.swift */; };
		1FB25821224929180035399F /* Priceable.swift in Sources */ = {isa = PBXBuildFile; fileRef = 1FB2580B224929180035399F /* Priceable.swift */; };
		1FB25822224929180035399F /* Establishment.swift in Sources */ = {isa = PBXBuildFile; fileRef = 1FB2580C224929180035399F /* Establishment.swift */; };
		1FB25823224929180035399F /* Menu.swift in Sources */ = {isa = PBXBuildFile; fileRef = 1FB2580D224929180035399F /* Menu.swift */; };
		1FB25824224929180035399F /* OrderLifecycle.swift in Sources */ = {isa = PBXBuildFile; fileRef = 1FB2580E224929180035399F /* OrderLifecycle.swift */; };
		1FB25825224929180035399F /* MenuCategory.swift in Sources */ = {isa = PBXBuildFile; fileRef = 1FB2580F224929180035399F /* MenuCategory.swift */; };
		1FB25826224929180035399F /* OrderItemOption.swift in Sources */ = {isa = PBXBuildFile; fileRef = 1FB25810224929180035399F /* OrderItemOption.swift */; };
		1FB25827224929180035399F /* PriceModifiable.swift in Sources */ = {isa = PBXBuildFile; fileRef = 1FB25811224929180035399F /* PriceModifiable.swift */; };
		5441ABF12248B6ED0018A293 /* AppDelegate.swift in Sources */ = {isa = PBXBuildFile; fileRef = 5441ABF02248B6ED0018A293 /* AppDelegate.swift */; };
		5441ABF82248B6EF0018A293 /* Assets.xcassets in Resources */ = {isa = PBXBuildFile; fileRef = 5441ABF72248B6EF0018A293 /* Assets.xcassets */; };
		5441ABFB2248B6EF0018A293 /* LaunchScreen.storyboard in Resources */ = {isa = PBXBuildFile; fileRef = 5441ABF92248B6EF0018A293 /* LaunchScreen.storyboard */; };
		5441AC062248B6EF0018A293 /* NAMETests.swift in Sources */ = {isa = PBXBuildFile; fileRef = 5441AC052248B6EF0018A293 /* NAMETests.swift */; };
		5441AC112248B6EF0018A293 /* NAMEUITests.swift in Sources */ = {isa = PBXBuildFile; fileRef = 5441AC102248B6EF0018A293 /* NAMEUITests.swift */; };
		5441AC3A2248C4480018A293 /* SplashViewModel.swift in Sources */ = {isa = PBXBuildFile; fileRef = 5441AC2D2248C4480018A293 /* SplashViewModel.swift */; };
		5441AC3B2248C4480018A293 /* SplashPresenter.swift in Sources */ = {isa = PBXBuildFile; fileRef = 5441AC2F2248C4480018A293 /* SplashPresenter.swift */; };
		5441AC3C2248C4480018A293 /* SplashViewController.swift in Sources */ = {isa = PBXBuildFile; fileRef = 5441AC312248C4480018A293 /* SplashViewController.swift */; };
		5441AC3D2248C4480018A293 /* SplashConfigurator.swift in Sources */ = {isa = PBXBuildFile; fileRef = 5441AC332248C4480018A293 /* SplashConfigurator.swift */; };
		5441AC3F2248C4480018A293 /* SplashInteractor.swift in Sources */ = {isa = PBXBuildFile; fileRef = 5441AC372248C4480018A293 /* SplashInteractor.swift */; };
		5441AC402248C4480018A293 /* SplashRouter.swift in Sources */ = {isa = PBXBuildFile; fileRef = 5441AC392248C4480018A293 /* SplashRouter.swift */; };
		5441AC502248C4590018A293 /* CustomerRootViewModel.swift in Sources */ = {isa = PBXBuildFile; fileRef = 5441AC432248C4590018A293 /* CustomerRootViewModel.swift */; };
		5441AC512248C4590018A293 /* CustomerRootPresenter.swift in Sources */ = {isa = PBXBuildFile; fileRef = 5441AC452248C4590018A293 /* CustomerRootPresenter.swift */; };
		5441AC522248C4590018A293 /* CustomerRootViewController.swift in Sources */ = {isa = PBXBuildFile; fileRef = 5441AC472248C4590018A293 /* CustomerRootViewController.swift */; };
		5441AC532248C4590018A293 /* CustomerRootConfigurator.swift in Sources */ = {isa = PBXBuildFile; fileRef = 5441AC492248C4590018A293 /* CustomerRootConfigurator.swift */; };
		5441AC542248C4590018A293 /* CustomerRootWorker.swift in Sources */ = {isa = PBXBuildFile; fileRef = 5441AC4B2248C4590018A293 /* CustomerRootWorker.swift */; };
		5441AC552248C4590018A293 /* CustomerRootInteractor.swift in Sources */ = {isa = PBXBuildFile; fileRef = 5441AC4D2248C4590018A293 /* CustomerRootInteractor.swift */; };
		5441AC562248C4590018A293 /* CustomerRootRouter.swift in Sources */ = {isa = PBXBuildFile; fileRef = 5441AC4F2248C4590018A293 /* CustomerRootRouter.swift */; };
		C6EC63E6224B8A20003E4547 /* ModelError.swift in Sources */ = {isa = PBXBuildFile; fileRef = C6EC63E5224B8A20003E4547 /* ModelError.swift */; };
		C6EC63EA224B9060003E4547 /* ModelHelper.swift in Sources */ = {isa = PBXBuildFile; fileRef = C6EC63E9224B9060003E4547 /* ModelHelper.swift */; };
		C6EC63EC224B9A0E003E4547 /* OrderItemOptionValue.swift in Sources */ = {isa = PBXBuildFile; fileRef = C6EC63EB224B9A0E003E4547 /* OrderItemOptionValue.swift */; };
		CAFCCC38685A268BB99E0A14 /* Pods_NAMETests.framework in Frameworks */ = {isa = PBXBuildFile; fileRef = E17AA0FE5C6DC6F8D8933CAE /* Pods_NAMETests.framework */; };
		E560E33EA363C8723761CF94 /* Pods_NAME.framework in Frameworks */ = {isa = PBXBuildFile; fileRef = 48A034F56A60AD0C3B2B293E /* Pods_NAME.framework */; };
		FC149C9AFCE981B52FBFDF0B /* Pods_NAMEUITests.framework in Frameworks */ = {isa = PBXBuildFile; fileRef = 55AA1C1F9CAB0F0D1F80CA8C /* Pods_NAMEUITests.framework */; };
/* End PBXBuildFile section */

/* Begin PBXContainerItemProxy section */
		5441AC022248B6EF0018A293 /* PBXContainerItemProxy */ = {
			isa = PBXContainerItemProxy;
			containerPortal = 5441ABE52248B6ED0018A293 /* Project object */;
			proxyType = 1;
			remoteGlobalIDString = 5441ABEC2248B6ED0018A293;
			remoteInfo = NAME;
		};
		5441AC0D2248B6EF0018A293 /* PBXContainerItemProxy */ = {
			isa = PBXContainerItemProxy;
			containerPortal = 5441ABE52248B6ED0018A293 /* Project object */;
			proxyType = 1;
			remoteGlobalIDString = 5441ABEC2248B6ED0018A293;
			remoteInfo = NAME;
		};
/* End PBXContainerItemProxy section */

/* Begin PBXFileReference section */
		03671C37A0F8EF90D64F7BCE /* Pods-NAMEUITests.debug.xcconfig */ = {isa = PBXFileReference; includeInIndex = 1; lastKnownFileType = text.xcconfig; name = "Pods-NAMEUITests.debug.xcconfig"; path = "Pods/Target Support Files/Pods-NAMEUITests/Pods-NAMEUITests.debug.xcconfig"; sourceTree = "<group>"; };
		1F21BA03224923230089A1AD /* FixtureGenerator.swift */ = {isa = PBXFileReference; fileEncoding = 4; lastKnownFileType = sourcecode.swift; path = FixtureGenerator.swift; sourceTree = "<group>"; };
		1FB257FC224929160035399F /* Surcharge.swift */ = {isa = PBXFileReference; fileEncoding = 4; lastKnownFileType = sourcecode.swift; path = Surcharge.swift; sourceTree = "<group>"; };
		1FB257FD224929160035399F /* OrderItem.swift */ = {isa = PBXFileReference; fileEncoding = 4; lastKnownFileType = sourcecode.swift; path = OrderItem.swift; sourceTree = "<group>"; };
		1FB257FE224929160035399F /* Rounder.swift */ = {isa = PBXFileReference; fileEncoding = 4; lastKnownFileType = sourcecode.swift; path = Rounder.swift; sourceTree = "<group>"; };
		1FB257FF224929160035399F /* MenuDisplayable.swift */ = {isa = PBXFileReference; fileEncoding = 4; lastKnownFileType = sourcecode.swift; path = MenuDisplayable.swift; sourceTree = "<group>"; };
		1FB25800224929170035399F /* Stall.swift */ = {isa = PBXFileReference; fileEncoding = 4; lastKnownFileType = sourcecode.swift; path = Stall.swift; sourceTree = "<group>"; };
		1FB25801224929170035399F /* Discount.swift */ = {isa = PBXFileReference; fileEncoding = 4; lastKnownFileType = sourcecode.swift; path = Discount.swift; sourceTree = "<group>"; };
		1FB25802224929170035399F /* Order.swift */ = {isa = PBXFileReference; fileEncoding = 4; lastKnownFileType = sourcecode.swift; path = Order.swift; sourceTree = "<group>"; };
		1FB25803224929170035399F /* OrderHistory.swift */ = {isa = PBXFileReference; fileEncoding = 4; lastKnownFileType = sourcecode.swift; path = OrderHistory.swift; sourceTree = "<group>"; };
		1FB25804224929170035399F /* SetMenuItem.swift */ = {isa = PBXFileReference; fileEncoding = 4; lastKnownFileType = sourcecode.swift; path = SetMenuItem.swift; sourceTree = "<group>"; };
		1FB25805224929170035399F /* MenuItemOptionType.swift */ = {isa = PBXFileReference; fileEncoding = 4; lastKnownFileType = sourcecode.swift; path = MenuItemOptionType.swift; sourceTree = "<group>"; };
		1FB25806224929170035399F /* TimeCondition.swift */ = {isa = PBXFileReference; fileEncoding = 4; lastKnownFileType = sourcecode.swift; path = TimeCondition.swift; sourceTree = "<group>"; };
		1FB25807224929170035399F /* IndividualMenuItem.swift */ = {isa = PBXFileReference; fileEncoding = 4; lastKnownFileType = sourcecode.swift; path = IndividualMenuItem.swift; sourceTree = "<group>"; };
		1FB25808224929170035399F /* Customer.swift */ = {isa = PBXFileReference; fileEncoding = 4; lastKnownFileType = sourcecode.swift; path = Customer.swift; sourceTree = "<group>"; };
		1FB25809224929170035399F /* PriceModifier.swift */ = {isa = PBXFileReference; fileEncoding = 4; lastKnownFileType = sourcecode.swift; path = PriceModifier.swift; sourceTree = "<group>"; };
		1FB2580A224929180035399F /* MenuItemOption.swift */ = {isa = PBXFileReference; fileEncoding = 4; lastKnownFileType = sourcecode.swift; path = MenuItemOption.swift; sourceTree = "<group>"; };
		1FB2580B224929180035399F /* Priceable.swift */ = {isa = PBXFileReference; fileEncoding = 4; lastKnownFileType = sourcecode.swift; path = Priceable.swift; sourceTree = "<group>"; };
		1FB2580C224929180035399F /* Establishment.swift */ = {isa = PBXFileReference; fileEncoding = 4; lastKnownFileType = sourcecode.swift; path = Establishment.swift; sourceTree = "<group>"; };
		1FB2580D224929180035399F /* Menu.swift */ = {isa = PBXFileReference; fileEncoding = 4; lastKnownFileType = sourcecode.swift; path = Menu.swift; sourceTree = "<group>"; };
		1FB2580E224929180035399F /* OrderLifecycle.swift */ = {isa = PBXFileReference; fileEncoding = 4; lastKnownFileType = sourcecode.swift; path = OrderLifecycle.swift; sourceTree = "<group>"; };
		1FB2580F224929180035399F /* MenuCategory.swift */ = {isa = PBXFileReference; fileEncoding = 4; lastKnownFileType = sourcecode.swift; path = MenuCategory.swift; sourceTree = "<group>"; };
		1FB25810224929180035399F /* OrderItemOption.swift */ = {isa = PBXFileReference; fileEncoding = 4; lastKnownFileType = sourcecode.swift; path = OrderItemOption.swift; sourceTree = "<group>"; };
		1FB25811224929180035399F /* PriceModifiable.swift */ = {isa = PBXFileReference; fileEncoding = 4; lastKnownFileType = sourcecode.swift; path = PriceModifiable.swift; sourceTree = "<group>"; };
		26A79F660793D6D261C3F3E0 /* Pods-NAMEUITests.release.xcconfig */ = {isa = PBXFileReference; includeInIndex = 1; lastKnownFileType = text.xcconfig; name = "Pods-NAMEUITests.release.xcconfig"; path = "Pods/Target Support Files/Pods-NAMEUITests/Pods-NAMEUITests.release.xcconfig"; sourceTree = "<group>"; };
		48A034F56A60AD0C3B2B293E /* Pods_NAME.framework */ = {isa = PBXFileReference; explicitFileType = wrapper.framework; includeInIndex = 0; path = Pods_NAME.framework; sourceTree = BUILT_PRODUCTS_DIR; };
		4DF07BBB677C695984C7A3BB /* Pods-NAMETests.release.xcconfig */ = {isa = PBXFileReference; includeInIndex = 1; lastKnownFileType = text.xcconfig; name = "Pods-NAMETests.release.xcconfig"; path = "Pods/Target Support Files/Pods-NAMETests/Pods-NAMETests.release.xcconfig"; sourceTree = "<group>"; };
		4E1D1D84429E810A94851115 /* Pods-NAME.release.xcconfig */ = {isa = PBXFileReference; includeInIndex = 1; lastKnownFileType = text.xcconfig; name = "Pods-NAME.release.xcconfig"; path = "Pods/Target Support Files/Pods-NAME/Pods-NAME.release.xcconfig"; sourceTree = "<group>"; };
		5441ABED2248B6ED0018A293 /* NAME.app */ = {isa = PBXFileReference; explicitFileType = wrapper.application; includeInIndex = 0; path = NAME.app; sourceTree = BUILT_PRODUCTS_DIR; };
		5441ABF02248B6ED0018A293 /* AppDelegate.swift */ = {isa = PBXFileReference; lastKnownFileType = sourcecode.swift; path = AppDelegate.swift; sourceTree = "<group>"; };
		5441ABF72248B6EF0018A293 /* Assets.xcassets */ = {isa = PBXFileReference; lastKnownFileType = folder.assetcatalog; path = Assets.xcassets; sourceTree = "<group>"; };
		5441ABFA2248B6EF0018A293 /* Base */ = {isa = PBXFileReference; lastKnownFileType = file.storyboard; name = Base; path = Base.lproj/LaunchScreen.storyboard; sourceTree = "<group>"; };
		5441ABFC2248B6EF0018A293 /* Info.plist */ = {isa = PBXFileReference; lastKnownFileType = text.plist.xml; path = Info.plist; sourceTree = "<group>"; };
		5441AC012248B6EF0018A293 /* NAMETests.xctest */ = {isa = PBXFileReference; explicitFileType = wrapper.cfbundle; includeInIndex = 0; path = NAMETests.xctest; sourceTree = BUILT_PRODUCTS_DIR; };
		5441AC052248B6EF0018A293 /* NAMETests.swift */ = {isa = PBXFileReference; lastKnownFileType = sourcecode.swift; path = NAMETests.swift; sourceTree = "<group>"; };
		5441AC072248B6EF0018A293 /* Info.plist */ = {isa = PBXFileReference; lastKnownFileType = text.plist.xml; path = Info.plist; sourceTree = "<group>"; };
		5441AC0C2248B6EF0018A293 /* NAMEUITests.xctest */ = {isa = PBXFileReference; explicitFileType = wrapper.cfbundle; includeInIndex = 0; path = NAMEUITests.xctest; sourceTree = BUILT_PRODUCTS_DIR; };
		5441AC102248B6EF0018A293 /* NAMEUITests.swift */ = {isa = PBXFileReference; lastKnownFileType = sourcecode.swift; path = NAMEUITests.swift; sourceTree = "<group>"; };
		5441AC122248B6EF0018A293 /* Info.plist */ = {isa = PBXFileReference; lastKnownFileType = text.plist.xml; path = Info.plist; sourceTree = "<group>"; };
		5441AC2D2248C4480018A293 /* SplashViewModel.swift */ = {isa = PBXFileReference; fileEncoding = 4; lastKnownFileType = sourcecode.swift; path = SplashViewModel.swift; sourceTree = "<group>"; };
		5441AC2F2248C4480018A293 /* SplashPresenter.swift */ = {isa = PBXFileReference; fileEncoding = 4; lastKnownFileType = sourcecode.swift; path = SplashPresenter.swift; sourceTree = "<group>"; };
		5441AC312248C4480018A293 /* SplashViewController.swift */ = {isa = PBXFileReference; fileEncoding = 4; lastKnownFileType = sourcecode.swift; path = SplashViewController.swift; sourceTree = "<group>"; };
		5441AC332248C4480018A293 /* SplashConfigurator.swift */ = {isa = PBXFileReference; fileEncoding = 4; lastKnownFileType = sourcecode.swift; path = SplashConfigurator.swift; sourceTree = "<group>"; };
		5441AC372248C4480018A293 /* SplashInteractor.swift */ = {isa = PBXFileReference; fileEncoding = 4; lastKnownFileType = sourcecode.swift; path = SplashInteractor.swift; sourceTree = "<group>"; };
		5441AC392248C4480018A293 /* SplashRouter.swift */ = {isa = PBXFileReference; fileEncoding = 4; lastKnownFileType = sourcecode.swift; path = SplashRouter.swift; sourceTree = "<group>"; };
		5441AC432248C4590018A293 /* CustomerRootViewModel.swift */ = {isa = PBXFileReference; fileEncoding = 4; lastKnownFileType = sourcecode.swift; path = CustomerRootViewModel.swift; sourceTree = "<group>"; };
		5441AC452248C4590018A293 /* CustomerRootPresenter.swift */ = {isa = PBXFileReference; fileEncoding = 4; lastKnownFileType = sourcecode.swift; path = CustomerRootPresenter.swift; sourceTree = "<group>"; };
		5441AC472248C4590018A293 /* CustomerRootViewController.swift */ = {isa = PBXFileReference; fileEncoding = 4; lastKnownFileType = sourcecode.swift; path = CustomerRootViewController.swift; sourceTree = "<group>"; };
		5441AC492248C4590018A293 /* CustomerRootConfigurator.swift */ = {isa = PBXFileReference; fileEncoding = 4; lastKnownFileType = sourcecode.swift; path = CustomerRootConfigurator.swift; sourceTree = "<group>"; };
		5441AC4B2248C4590018A293 /* CustomerRootWorker.swift */ = {isa = PBXFileReference; fileEncoding = 4; lastKnownFileType = sourcecode.swift; path = CustomerRootWorker.swift; sourceTree = "<group>"; };
		5441AC4D2248C4590018A293 /* CustomerRootInteractor.swift */ = {isa = PBXFileReference; fileEncoding = 4; lastKnownFileType = sourcecode.swift; path = CustomerRootInteractor.swift; sourceTree = "<group>"; };
		5441AC4F2248C4590018A293 /* CustomerRootRouter.swift */ = {isa = PBXFileReference; fileEncoding = 4; lastKnownFileType = sourcecode.swift; path = CustomerRootRouter.swift; sourceTree = "<group>"; };
		55AA1C1F9CAB0F0D1F80CA8C /* Pods_NAMEUITests.framework */ = {isa = PBXFileReference; explicitFileType = wrapper.framework; includeInIndex = 0; path = Pods_NAMEUITests.framework; sourceTree = BUILT_PRODUCTS_DIR; };
		AEA8FAF9005D3B23BAB3DF0C /* Pods-NAMETests.debug.xcconfig */ = {isa = PBXFileReference; includeInIndex = 1; lastKnownFileType = text.xcconfig; name = "Pods-NAMETests.debug.xcconfig"; path = "Pods/Target Support Files/Pods-NAMETests/Pods-NAMETests.debug.xcconfig"; sourceTree = "<group>"; };
		AEECB3018321B39DDF8AEEC3 /* Pods-NAME.debug.xcconfig */ = {isa = PBXFileReference; includeInIndex = 1; lastKnownFileType = text.xcconfig; name = "Pods-NAME.debug.xcconfig"; path = "Pods/Target Support Files/Pods-NAME/Pods-NAME.debug.xcconfig"; sourceTree = "<group>"; };
		C6EC63E5224B8A20003E4547 /* ModelError.swift */ = {isa = PBXFileReference; lastKnownFileType = sourcecode.swift; path = ModelError.swift; sourceTree = "<group>"; };
		C6EC63E9224B9060003E4547 /* ModelHelper.swift */ = {isa = PBXFileReference; lastKnownFileType = sourcecode.swift; path = ModelHelper.swift; sourceTree = "<group>"; };
		C6EC63EB224B9A0E003E4547 /* OrderItemOptionValue.swift */ = {isa = PBXFileReference; lastKnownFileType = sourcecode.swift; path = OrderItemOptionValue.swift; sourceTree = "<group>"; };
		E17AA0FE5C6DC6F8D8933CAE /* Pods_NAMETests.framework */ = {isa = PBXFileReference; explicitFileType = wrapper.framework; includeInIndex = 0; path = Pods_NAMETests.framework; sourceTree = BUILT_PRODUCTS_DIR; };
/* End PBXFileReference section */

/* Begin PBXFrameworksBuildPhase section */
		5441ABEA2248B6ED0018A293 /* Frameworks */ = {
			isa = PBXFrameworksBuildPhase;
			buildActionMask = 2147483647;
			files = (
				E560E33EA363C8723761CF94 /* Pods_NAME.framework in Frameworks */,
			);
			runOnlyForDeploymentPostprocessing = 0;
		};
		5441ABFE2248B6EF0018A293 /* Frameworks */ = {
			isa = PBXFrameworksBuildPhase;
			buildActionMask = 2147483647;
			files = (
				CAFCCC38685A268BB99E0A14 /* Pods_NAMETests.framework in Frameworks */,
			);
			runOnlyForDeploymentPostprocessing = 0;
		};
		5441AC092248B6EF0018A293 /* Frameworks */ = {
			isa = PBXFrameworksBuildPhase;
			buildActionMask = 2147483647;
			files = (
				FC149C9AFCE981B52FBFDF0B /* Pods_NAMEUITests.framework in Frameworks */,
			);
			runOnlyForDeploymentPostprocessing = 0;
		};
/* End PBXFrameworksBuildPhase section */

/* Begin PBXGroup section */
		1F21BA02224923030089A1AD /* Utilities */ = {
			isa = PBXGroup;
			children = (
				1F21BA03224923230089A1AD /* FixtureGenerator.swift */,
			);
			path = Utilities;
			sourceTree = "<group>";
		};
		1FB257ED224928550035399F /* Common */ = {
			isa = PBXGroup;
			children = (
			);
			path = Common;
			sourceTree = "<group>";
		};
		1FB25828224929200035399F /* Menu */ = {
			isa = PBXGroup;
			children = (
				1FB2580D224929180035399F /* Menu.swift */,
				1FB2580F224929180035399F /* MenuCategory.swift */,
				1FB257FF224929160035399F /* MenuDisplayable.swift */,
				1FB25807224929170035399F /* IndividualMenuItem.swift */,
				1FB25804224929170035399F /* SetMenuItem.swift */,
				1FB2580A224929180035399F /* MenuItemOption.swift */,
				1FB25805224929170035399F /* MenuItemOptionType.swift */,
			);
			path = Menu;
			sourceTree = "<group>";
		};
		1FB258292249292F0035399F /* Order */ = {
			isa = PBXGroup;
			children = (
				1FB25802224929170035399F /* Order.swift */,
				1FB25803224929170035399F /* OrderHistory.swift */,
				1FB257FD224929160035399F /* OrderItem.swift */,
				1FB25810224929180035399F /* OrderItemOption.swift */,
				1FB2580E224929180035399F /* OrderLifecycle.swift */,
				C6EC63EB224B9A0E003E4547 /* OrderItemOptionValue.swift */,
			);
			path = Order;
			sourceTree = "<group>";
		};
		1FB2582A2249293F0035399F /* PriceModifiables */ = {
			isa = PBXGroup;
			children = (
				1FB25811224929180035399F /* PriceModifiable.swift */,
				1FB25809224929170035399F /* PriceModifier.swift */,
				1FB257FE224929160035399F /* Rounder.swift */,
				1FB25801224929170035399F /* Discount.swift */,
				1FB25806224929170035399F /* TimeCondition.swift */,
				1FB257FC224929160035399F /* Surcharge.swift */,
			);
			path = PriceModifiables;
			sourceTree = "<group>";
		};
		1FB2582B22492FCE0035399F /* Models */ = {
			isa = PBXGroup;
			children = (
				1FB2582A2249293F0035399F /* PriceModifiables */,
				1FB258292249292F0035399F /* Order */,
				1FB25828224929200035399F /* Menu */,
				1FB25808224929170035399F /* Customer.swift */,
				1FB2580C224929180035399F /* Establishment.swift */,
				1FB25800224929170035399F /* Stall.swift */,
				1FB2580B224929180035399F /* Priceable.swift */,
				C6EC63E5224B8A20003E4547 /* ModelError.swift */,
				C6EC63E9224B9060003E4547 /* ModelHelper.swift */,
			);
			path = Models;
			sourceTree = "<group>";
		};
		5441ABE42248B6ED0018A293 = {
			isa = PBXGroup;
			children = (
				5441ABEF2248B6ED0018A293 /* NAME */,
				5441AC042248B6EF0018A293 /* NAMETests */,
				5441AC0F2248B6EF0018A293 /* NAMEUITests */,
				5441ABEE2248B6ED0018A293 /* Products */,
				BE3E85D9CDAAEF94CCF58056 /* Pods */,
				7F7C5E2A67DF499434CEB560 /* Frameworks */,
			);
			sourceTree = "<group>";
		};
		5441ABEE2248B6ED0018A293 /* Products */ = {
			isa = PBXGroup;
			children = (
				5441ABED2248B6ED0018A293 /* NAME.app */,
				5441AC012248B6EF0018A293 /* NAMETests.xctest */,
				5441AC0C2248B6EF0018A293 /* NAMEUITests.xctest */,
			);
			name = Products;
			sourceTree = "<group>";
		};
		5441ABEF2248B6ED0018A293 /* NAME */ = {
			isa = PBXGroup;
			children = (
				1FB2582B22492FCE0035399F /* Models */,
				1F21BA02224923030089A1AD /* Utilities */,
				5441AC272248BD7C0018A293 /* Scenes */,
				5441ABF02248B6ED0018A293 /* AppDelegate.swift */,
				5441ABF72248B6EF0018A293 /* Assets.xcassets */,
				5441ABF92248B6EF0018A293 /* LaunchScreen.storyboard */,
				5441ABFC2248B6EF0018A293 /* Info.plist */,
			);
			path = NAME;
			sourceTree = "<group>";
		};
		5441AC042248B6EF0018A293 /* NAMETests */ = {
			isa = PBXGroup;
			children = (
				5441AC052248B6EF0018A293 /* NAMETests.swift */,
				5441AC072248B6EF0018A293 /* Info.plist */,
			);
			path = NAMETests;
			sourceTree = "<group>";
		};
		5441AC0F2248B6EF0018A293 /* NAMEUITests */ = {
			isa = PBXGroup;
			children = (
				5441AC102248B6EF0018A293 /* NAMEUITests.swift */,
				5441AC122248B6EF0018A293 /* Info.plist */,
			);
			path = NAMEUITests;
			sourceTree = "<group>";
		};
		5441AC212248B9080018A293 /* AdminCommon */ = {
			isa = PBXGroup;
			children = (
				5441AC2B2248C4480018A293 /* Splash */,
			);
			path = AdminCommon;
			sourceTree = "<group>";
		};
		5441AC222248B90C0018A293 /* Customer */ = {
			isa = PBXGroup;
			children = (
				5441AC412248C4590018A293 /* CustomerRoot */,
			);
			path = Customer;
			sourceTree = "<group>";
		};
		5441AC232248B9200018A293 /* AdminEstablishment */ = {
			isa = PBXGroup;
			children = (
			);
			path = AdminEstablishment;
			sourceTree = "<group>";
		};
		5441AC242248B9350018A293 /* AdminStall */ = {
			isa = PBXGroup;
			children = (
			);
			path = AdminStall;
			sourceTree = "<group>";
		};
		5441AC272248BD7C0018A293 /* Scenes */ = {
			isa = PBXGroup;
			children = (
				1FB257ED224928550035399F /* Common */,
				5441AC212248B9080018A293 /* AdminCommon */,
				5441AC242248B9350018A293 /* AdminStall */,
				5441AC232248B9200018A293 /* AdminEstablishment */,
				5441AC222248B90C0018A293 /* Customer */,
			);
			path = Scenes;
			sourceTree = "<group>";
		};
		5441AC2B2248C4480018A293 /* Splash */ = {
			isa = PBXGroup;
			children = (
				5441AC2C2248C4480018A293 /* ViewModel */,
				5441AC2E2248C4480018A293 /* Presenter */,
				5441AC302248C4480018A293 /* View */,
				5441AC322248C4480018A293 /* Configurator */,
				5441AC342248C4480018A293 /* Worker */,
				5441AC362248C4480018A293 /* Interactor */,
				5441AC382248C4480018A293 /* Router */,
			);
			path = Splash;
			sourceTree = "<group>";
		};
		5441AC2C2248C4480018A293 /* ViewModel */ = {
			isa = PBXGroup;
			children = (
				5441AC2D2248C4480018A293 /* SplashViewModel.swift */,
			);
			path = ViewModel;
			sourceTree = "<group>";
		};
		5441AC2E2248C4480018A293 /* Presenter */ = {
			isa = PBXGroup;
			children = (
				5441AC2F2248C4480018A293 /* SplashPresenter.swift */,
			);
			path = Presenter;
			sourceTree = "<group>";
		};
		5441AC302248C4480018A293 /* View */ = {
			isa = PBXGroup;
			children = (
				5441AC312248C4480018A293 /* SplashViewController.swift */,
			);
			path = View;
			sourceTree = "<group>";
		};
		5441AC322248C4480018A293 /* Configurator */ = {
			isa = PBXGroup;
			children = (
				5441AC332248C4480018A293 /* SplashConfigurator.swift */,
			);
			path = Configurator;
			sourceTree = "<group>";
		};
		5441AC342248C4480018A293 /* Worker */ = {
			isa = PBXGroup;
			children = (
			);
			path = Worker;
			sourceTree = "<group>";
		};
		5441AC362248C4480018A293 /* Interactor */ = {
			isa = PBXGroup;
			children = (
				5441AC372248C4480018A293 /* SplashInteractor.swift */,
			);
			path = Interactor;
			sourceTree = "<group>";
		};
		5441AC382248C4480018A293 /* Router */ = {
			isa = PBXGroup;
			children = (
				5441AC392248C4480018A293 /* SplashRouter.swift */,
			);
			path = Router;
			sourceTree = "<group>";
		};
		5441AC412248C4590018A293 /* CustomerRoot */ = {
			isa = PBXGroup;
			children = (
				5441AC422248C4590018A293 /* ViewModel */,
				5441AC442248C4590018A293 /* Presenter */,
				5441AC462248C4590018A293 /* View */,
				5441AC482248C4590018A293 /* Configurator */,
				5441AC4A2248C4590018A293 /* Worker */,
				5441AC4C2248C4590018A293 /* Interactor */,
				5441AC4E2248C4590018A293 /* Router */,
			);
			path = CustomerRoot;
			sourceTree = "<group>";
		};
		5441AC422248C4590018A293 /* ViewModel */ = {
			isa = PBXGroup;
			children = (
				5441AC432248C4590018A293 /* CustomerRootViewModel.swift */,
			);
			path = ViewModel;
			sourceTree = "<group>";
		};
		5441AC442248C4590018A293 /* Presenter */ = {
			isa = PBXGroup;
			children = (
				5441AC452248C4590018A293 /* CustomerRootPresenter.swift */,
			);
			path = Presenter;
			sourceTree = "<group>";
		};
		5441AC462248C4590018A293 /* View */ = {
			isa = PBXGroup;
			children = (
				5441AC472248C4590018A293 /* CustomerRootViewController.swift */,
			);
			path = View;
			sourceTree = "<group>";
		};
		5441AC482248C4590018A293 /* Configurator */ = {
			isa = PBXGroup;
			children = (
				5441AC492248C4590018A293 /* CustomerRootConfigurator.swift */,
			);
			path = Configurator;
			sourceTree = "<group>";
		};
		5441AC4A2248C4590018A293 /* Worker */ = {
			isa = PBXGroup;
			children = (
				5441AC4B2248C4590018A293 /* CustomerRootWorker.swift */,
			);
			path = Worker;
			sourceTree = "<group>";
		};
		5441AC4C2248C4590018A293 /* Interactor */ = {
			isa = PBXGroup;
			children = (
				5441AC4D2248C4590018A293 /* CustomerRootInteractor.swift */,
			);
			path = Interactor;
			sourceTree = "<group>";
		};
		5441AC4E2248C4590018A293 /* Router */ = {
			isa = PBXGroup;
			children = (
				5441AC4F2248C4590018A293 /* CustomerRootRouter.swift */,
			);
			path = Router;
			sourceTree = "<group>";
		};
		7F7C5E2A67DF499434CEB560 /* Frameworks */ = {
			isa = PBXGroup;
			children = (
				48A034F56A60AD0C3B2B293E /* Pods_NAME.framework */,
				E17AA0FE5C6DC6F8D8933CAE /* Pods_NAMETests.framework */,
				55AA1C1F9CAB0F0D1F80CA8C /* Pods_NAMEUITests.framework */,
			);
			name = Frameworks;
			sourceTree = "<group>";
		};
		BE3E85D9CDAAEF94CCF58056 /* Pods */ = {
			isa = PBXGroup;
			children = (
				AEECB3018321B39DDF8AEEC3 /* Pods-NAME.debug.xcconfig */,
				4E1D1D84429E810A94851115 /* Pods-NAME.release.xcconfig */,
				AEA8FAF9005D3B23BAB3DF0C /* Pods-NAMETests.debug.xcconfig */,
				4DF07BBB677C695984C7A3BB /* Pods-NAMETests.release.xcconfig */,
				03671C37A0F8EF90D64F7BCE /* Pods-NAMEUITests.debug.xcconfig */,
				26A79F660793D6D261C3F3E0 /* Pods-NAMEUITests.release.xcconfig */,
			);
			name = Pods;
			sourceTree = "<group>";
		};
/* End PBXGroup section */

/* Begin PBXNativeTarget section */
		5441ABEC2248B6ED0018A293 /* NAME */ = {
			isa = PBXNativeTarget;
			buildConfigurationList = 5441AC152248B6EF0018A293 /* Build configuration list for PBXNativeTarget "NAME" */;
			buildPhases = (
				7C130CBB5F2D2AF6C6EF200A /* [CP] Check Pods Manifest.lock */,
				5441ABE92248B6ED0018A293 /* Sources */,
				5441ABEA2248B6ED0018A293 /* Frameworks */,
				5441ABEB2248B6ED0018A293 /* Resources */,
				C7B3BC85AE857DAD964E09F0 /* [CP] Embed Pods Frameworks */,
			);
			buildRules = (
			);
			dependencies = (
			);
			name = NAME;
			productName = NAME;
			productReference = 5441ABED2248B6ED0018A293 /* NAME.app */;
			productType = "com.apple.product-type.application";
		};
		5441AC002248B6EF0018A293 /* NAMETests */ = {
			isa = PBXNativeTarget;
			buildConfigurationList = 5441AC182248B6EF0018A293 /* Build configuration list for PBXNativeTarget "NAMETests" */;
			buildPhases = (
				60D6AF91812FD793E606E68D /* [CP] Check Pods Manifest.lock */,
				5441ABFD2248B6EF0018A293 /* Sources */,
				5441ABFE2248B6EF0018A293 /* Frameworks */,
				5441ABFF2248B6EF0018A293 /* Resources */,
			);
			buildRules = (
			);
			dependencies = (
				5441AC032248B6EF0018A293 /* PBXTargetDependency */,
			);
			name = NAMETests;
			productName = NAMETests;
			productReference = 5441AC012248B6EF0018A293 /* NAMETests.xctest */;
			productType = "com.apple.product-type.bundle.unit-test";
		};
		5441AC0B2248B6EF0018A293 /* NAMEUITests */ = {
			isa = PBXNativeTarget;
			buildConfigurationList = 5441AC1B2248B6EF0018A293 /* Build configuration list for PBXNativeTarget "NAMEUITests" */;
			buildPhases = (
				71903D2B33D3E09637CAFD30 /* [CP] Check Pods Manifest.lock */,
				5441AC082248B6EF0018A293 /* Sources */,
				5441AC092248B6EF0018A293 /* Frameworks */,
				5441AC0A2248B6EF0018A293 /* Resources */,
			);
			buildRules = (
			);
			dependencies = (
				5441AC0E2248B6EF0018A293 /* PBXTargetDependency */,
			);
			name = NAMEUITests;
			productName = NAMEUITests;
			productReference = 5441AC0C2248B6EF0018A293 /* NAMEUITests.xctest */;
			productType = "com.apple.product-type.bundle.ui-testing";
		};
/* End PBXNativeTarget section */

/* Begin PBXProject section */
		5441ABE52248B6ED0018A293 /* Project object */ = {
			isa = PBXProject;
			attributes = {
				LastSwiftUpdateCheck = 1010;
				LastUpgradeCheck = 1010;
				ORGANIZATIONNAME = NAME;
				TargetAttributes = {
					5441ABEC2248B6ED0018A293 = {
						CreatedOnToolsVersion = 10.1;
					};
					5441AC002248B6EF0018A293 = {
						CreatedOnToolsVersion = 10.1;
						TestTargetID = 5441ABEC2248B6ED0018A293;
					};
					5441AC0B2248B6EF0018A293 = {
						CreatedOnToolsVersion = 10.1;
						TestTargetID = 5441ABEC2248B6ED0018A293;
					};
				};
			};
			buildConfigurationList = 5441ABE82248B6ED0018A293 /* Build configuration list for PBXProject "NAME" */;
			compatibilityVersion = "Xcode 9.3";
			developmentRegion = en;
			hasScannedForEncodings = 0;
			knownRegions = (
				en,
				Base,
			);
			mainGroup = 5441ABE42248B6ED0018A293;
			productRefGroup = 5441ABEE2248B6ED0018A293 /* Products */;
			projectDirPath = "";
			projectRoot = "";
			targets = (
				5441ABEC2248B6ED0018A293 /* NAME */,
				5441AC002248B6EF0018A293 /* NAMETests */,
				5441AC0B2248B6EF0018A293 /* NAMEUITests */,
			);
		};
/* End PBXProject section */

/* Begin PBXResourcesBuildPhase section */
		5441ABEB2248B6ED0018A293 /* Resources */ = {
			isa = PBXResourcesBuildPhase;
			buildActionMask = 2147483647;
			files = (
				5441ABFB2248B6EF0018A293 /* LaunchScreen.storyboard in Resources */,
				5441ABF82248B6EF0018A293 /* Assets.xcassets in Resources */,
			);
			runOnlyForDeploymentPostprocessing = 0;
		};
		5441ABFF2248B6EF0018A293 /* Resources */ = {
			isa = PBXResourcesBuildPhase;
			buildActionMask = 2147483647;
			files = (
			);
			runOnlyForDeploymentPostprocessing = 0;
		};
		5441AC0A2248B6EF0018A293 /* Resources */ = {
			isa = PBXResourcesBuildPhase;
			buildActionMask = 2147483647;
			files = (
			);
			runOnlyForDeploymentPostprocessing = 0;
		};
/* End PBXResourcesBuildPhase section */

/* Begin PBXShellScriptBuildPhase section */
		60D6AF91812FD793E606E68D /* [CP] Check Pods Manifest.lock */ = {
			isa = PBXShellScriptBuildPhase;
			buildActionMask = 2147483647;
			files = (
			);
			inputFileListPaths = (
			);
			inputPaths = (
				"${PODS_PODFILE_DIR_PATH}/Podfile.lock",
				"${PODS_ROOT}/Manifest.lock",
			);
			name = "[CP] Check Pods Manifest.lock";
			outputFileListPaths = (
			);
			outputPaths = (
				"$(DERIVED_FILE_DIR)/Pods-NAMETests-checkManifestLockResult.txt",
			);
			runOnlyForDeploymentPostprocessing = 0;
			shellPath = /bin/sh;
			shellScript = "diff \"${PODS_PODFILE_DIR_PATH}/Podfile.lock\" \"${PODS_ROOT}/Manifest.lock\" > /dev/null\nif [ $? != 0 ] ; then\n    # print error to STDERR\n    echo \"error: The sandbox is not in sync with the Podfile.lock. Run 'pod install' or update your CocoaPods installation.\" >&2\n    exit 1\nfi\n# This output is used by Xcode 'outputs' to avoid re-running this script phase.\necho \"SUCCESS\" > \"${SCRIPT_OUTPUT_FILE_0}\"\n";
			showEnvVarsInLog = 0;
		};
		71903D2B33D3E09637CAFD30 /* [CP] Check Pods Manifest.lock */ = {
			isa = PBXShellScriptBuildPhase;
			buildActionMask = 2147483647;
			files = (
			);
			inputFileListPaths = (
			);
			inputPaths = (
				"${PODS_PODFILE_DIR_PATH}/Podfile.lock",
				"${PODS_ROOT}/Manifest.lock",
			);
			name = "[CP] Check Pods Manifest.lock";
			outputFileListPaths = (
			);
			outputPaths = (
				"$(DERIVED_FILE_DIR)/Pods-NAMEUITests-checkManifestLockResult.txt",
			);
			runOnlyForDeploymentPostprocessing = 0;
			shellPath = /bin/sh;
			shellScript = "diff \"${PODS_PODFILE_DIR_PATH}/Podfile.lock\" \"${PODS_ROOT}/Manifest.lock\" > /dev/null\nif [ $? != 0 ] ; then\n    # print error to STDERR\n    echo \"error: The sandbox is not in sync with the Podfile.lock. Run 'pod install' or update your CocoaPods installation.\" >&2\n    exit 1\nfi\n# This output is used by Xcode 'outputs' to avoid re-running this script phase.\necho \"SUCCESS\" > \"${SCRIPT_OUTPUT_FILE_0}\"\n";
			showEnvVarsInLog = 0;
		};
		7C130CBB5F2D2AF6C6EF200A /* [CP] Check Pods Manifest.lock */ = {
			isa = PBXShellScriptBuildPhase;
			buildActionMask = 2147483647;
			files = (
			);
			inputFileListPaths = (
			);
			inputPaths = (
				"${PODS_PODFILE_DIR_PATH}/Podfile.lock",
				"${PODS_ROOT}/Manifest.lock",
			);
			name = "[CP] Check Pods Manifest.lock";
			outputFileListPaths = (
			);
			outputPaths = (
				"$(DERIVED_FILE_DIR)/Pods-NAME-checkManifestLockResult.txt",
			);
			runOnlyForDeploymentPostprocessing = 0;
			shellPath = /bin/sh;
			shellScript = "diff \"${PODS_PODFILE_DIR_PATH}/Podfile.lock\" \"${PODS_ROOT}/Manifest.lock\" > /dev/null\nif [ $? != 0 ] ; then\n    # print error to STDERR\n    echo \"error: The sandbox is not in sync with the Podfile.lock. Run 'pod install' or update your CocoaPods installation.\" >&2\n    exit 1\nfi\n# This output is used by Xcode 'outputs' to avoid re-running this script phase.\necho \"SUCCESS\" > \"${SCRIPT_OUTPUT_FILE_0}\"\n";
			showEnvVarsInLog = 0;
		};
		C7B3BC85AE857DAD964E09F0 /* [CP] Embed Pods Frameworks */ = {
			isa = PBXShellScriptBuildPhase;
			buildActionMask = 2147483647;
			files = (
			);
			inputFileListPaths = (
			);
			inputPaths = (
				"${SRCROOT}/Pods/Target Support Files/Pods-NAME/Pods-NAME-frameworks.sh",
				"${BUILT_PRODUCTS_DIR}/Realm/Realm.framework",
				"${BUILT_PRODUCTS_DIR}/RealmSwift/RealmSwift.framework",
				"${BUILT_PRODUCTS_DIR}/SnapKit/SnapKit.framework",
			);
			name = "[CP] Embed Pods Frameworks";
			outputFileListPaths = (
			);
			outputPaths = (
				"${TARGET_BUILD_DIR}/${FRAMEWORKS_FOLDER_PATH}/Realm.framework",
				"${TARGET_BUILD_DIR}/${FRAMEWORKS_FOLDER_PATH}/RealmSwift.framework",
				"${TARGET_BUILD_DIR}/${FRAMEWORKS_FOLDER_PATH}/SnapKit.framework",
			);
			runOnlyForDeploymentPostprocessing = 0;
			shellPath = /bin/sh;
			shellScript = "\"${SRCROOT}/Pods/Target Support Files/Pods-NAME/Pods-NAME-frameworks.sh\"\n";
			showEnvVarsInLog = 0;
		};
/* End PBXShellScriptBuildPhase section */

/* Begin PBXSourcesBuildPhase section */
		5441ABE92248B6ED0018A293 /* Sources */ = {
			isa = PBXSourcesBuildPhase;
			buildActionMask = 2147483647;
			files = (
				5441ABF12248B6ED0018A293 /* AppDelegate.swift in Sources */,
				1FB25822224929180035399F /* Establishment.swift in Sources */,
				5441AC402248C4480018A293 /* SplashRouter.swift in Sources */,
				1FB25820224929180035399F /* MenuItemOption.swift in Sources */,
				5441AC552248C4590018A293 /* CustomerRootInteractor.swift in Sources */,
				5441AC502248C4590018A293 /* CustomerRootViewModel.swift in Sources */,
				1FB2581A224929180035399F /* SetMenuItem.swift in Sources */,
				1FB25818224929180035399F /* Order.swift in Sources */,
				5441AC3F2248C4480018A293 /* SplashInteractor.swift in Sources */,
				C6EC63EA224B9060003E4547 /* ModelHelper.swift in Sources */,
				5441AC512248C4590018A293 /* CustomerRootPresenter.swift in Sources */,
				1FB2581D224929180035399F /* IndividualMenuItem.swift in Sources */,
				5441AC3A2248C4480018A293 /* SplashViewModel.swift in Sources */,
				1FB25815224929180035399F /* MenuDisplayable.swift in Sources */,
				1FB2581B224929180035399F /* MenuItemOptionType.swift in Sources */,
				1FB25817224929180035399F /* Discount.swift in Sources */,
				1FB25814224929180035399F /* Rounder.swift in Sources */,
				5441AC542248C4590018A293 /* CustomerRootWorker.swift in Sources */,
				1FB25821224929180035399F /* Priceable.swift in Sources */,
				C6EC63E6224B8A20003E4547 /* ModelError.swift in Sources */,
				1FB2581E224929180035399F /* Customer.swift in Sources */,
				1FB25816224929180035399F /* Stall.swift in Sources */,
				C6EC63EC224B9A0E003E4547 /* OrderItemOptionValue.swift in Sources */,
				5441AC3B2248C4480018A293 /* SplashPresenter.swift in Sources */,
				5441AC3C2248C4480018A293 /* SplashViewController.swift in Sources */,
				5441AC3D2248C4480018A293 /* SplashConfigurator.swift in Sources */,
				1FB25824224929180035399F /* OrderLifecycle.swift in Sources */,
				1FB25825224929180035399F /* MenuCategory.swift in Sources */,
				1F21BA04224923230089A1AD /* FixtureGenerator.swift in Sources */,
				5441AC532248C4590018A293 /* CustomerRootConfigurator.swift in Sources */,
				1FB2581C224929180035399F /* TimeCondition.swift in Sources */,
				1FB25826224929180035399F /* OrderItemOption.swift in Sources */,
				5441AC562248C4590018A293 /* CustomerRootRouter.swift in Sources */,
				1FB25823224929180035399F /* Menu.swift in Sources */,
				1FB25812224929180035399F /* Surcharge.swift in Sources */,
				5441AC522248C4590018A293 /* CustomerRootViewController.swift in Sources */,
				1FB25827224929180035399F /* PriceModifiable.swift in Sources */,
				1FB2581F224929180035399F /* PriceModifier.swift in Sources */,
				1FB25819224929180035399F /* OrderHistory.swift in Sources */,
				1FB25813224929180035399F /* OrderItem.swift in Sources */,
			);
			runOnlyForDeploymentPostprocessing = 0;
		};
		5441ABFD2248B6EF0018A293 /* Sources */ = {
			isa = PBXSourcesBuildPhase;
			buildActionMask = 2147483647;
			files = (
				5441AC062248B6EF0018A293 /* NAMETests.swift in Sources */,
			);
			runOnlyForDeploymentPostprocessing = 0;
		};
		5441AC082248B6EF0018A293 /* Sources */ = {
			isa = PBXSourcesBuildPhase;
			buildActionMask = 2147483647;
			files = (
				5441AC112248B6EF0018A293 /* NAMEUITests.swift in Sources */,
			);
			runOnlyForDeploymentPostprocessing = 0;
		};
/* End PBXSourcesBuildPhase section */

/* Begin PBXTargetDependency section */
		5441AC032248B6EF0018A293 /* PBXTargetDependency */ = {
			isa = PBXTargetDependency;
			target = 5441ABEC2248B6ED0018A293 /* NAME */;
			targetProxy = 5441AC022248B6EF0018A293 /* PBXContainerItemProxy */;
		};
		5441AC0E2248B6EF0018A293 /* PBXTargetDependency */ = {
			isa = PBXTargetDependency;
			target = 5441ABEC2248B6ED0018A293 /* NAME */;
			targetProxy = 5441AC0D2248B6EF0018A293 /* PBXContainerItemProxy */;
		};
/* End PBXTargetDependency section */

/* Begin PBXVariantGroup section */
		5441ABF92248B6EF0018A293 /* LaunchScreen.storyboard */ = {
			isa = PBXVariantGroup;
			children = (
				5441ABFA2248B6EF0018A293 /* Base */,
			);
			name = LaunchScreen.storyboard;
			sourceTree = "<group>";
		};
/* End PBXVariantGroup section */

/* Begin XCBuildConfiguration section */
		5441AC132248B6EF0018A293 /* Debug */ = {
			isa = XCBuildConfiguration;
			buildSettings = {
				ALWAYS_SEARCH_USER_PATHS = NO;
				CLANG_ANALYZER_NONNULL = YES;
				CLANG_ANALYZER_NUMBER_OBJECT_CONVERSION = YES_AGGRESSIVE;
				CLANG_CXX_LANGUAGE_STANDARD = "gnu++14";
				CLANG_CXX_LIBRARY = "libc++";
				CLANG_ENABLE_MODULES = YES;
				CLANG_ENABLE_OBJC_ARC = YES;
				CLANG_ENABLE_OBJC_WEAK = YES;
				CLANG_WARN_BLOCK_CAPTURE_AUTORELEASING = YES;
				CLANG_WARN_BOOL_CONVERSION = YES;
				CLANG_WARN_COMMA = YES;
				CLANG_WARN_CONSTANT_CONVERSION = YES;
				CLANG_WARN_DEPRECATED_OBJC_IMPLEMENTATIONS = YES;
				CLANG_WARN_DIRECT_OBJC_ISA_USAGE = YES_ERROR;
				CLANG_WARN_DOCUMENTATION_COMMENTS = YES;
				CLANG_WARN_EMPTY_BODY = YES;
				CLANG_WARN_ENUM_CONVERSION = YES;
				CLANG_WARN_INFINITE_RECURSION = YES;
				CLANG_WARN_INT_CONVERSION = YES;
				CLANG_WARN_NON_LITERAL_NULL_CONVERSION = YES;
				CLANG_WARN_OBJC_IMPLICIT_RETAIN_SELF = YES;
				CLANG_WARN_OBJC_LITERAL_CONVERSION = YES;
				CLANG_WARN_OBJC_ROOT_CLASS = YES_ERROR;
				CLANG_WARN_RANGE_LOOP_ANALYSIS = YES;
				CLANG_WARN_STRICT_PROTOTYPES = YES;
				CLANG_WARN_SUSPICIOUS_MOVE = YES;
				CLANG_WARN_UNGUARDED_AVAILABILITY = YES_AGGRESSIVE;
				CLANG_WARN_UNREACHABLE_CODE = YES;
				CLANG_WARN__DUPLICATE_METHOD_MATCH = YES;
				CODE_SIGN_IDENTITY = "iPhone Developer";
				COPY_PHASE_STRIP = NO;
				DEBUG_INFORMATION_FORMAT = dwarf;
				ENABLE_STRICT_OBJC_MSGSEND = YES;
				ENABLE_TESTABILITY = YES;
				GCC_C_LANGUAGE_STANDARD = gnu11;
				GCC_DYNAMIC_NO_PIC = NO;
				GCC_NO_COMMON_BLOCKS = YES;
				GCC_OPTIMIZATION_LEVEL = 0;
				GCC_PREPROCESSOR_DEFINITIONS = (
					"DEBUG=1",
					"$(inherited)",
				);
				GCC_WARN_64_TO_32_BIT_CONVERSION = YES;
				GCC_WARN_ABOUT_RETURN_TYPE = YES_ERROR;
				GCC_WARN_UNDECLARED_SELECTOR = YES;
				GCC_WARN_UNINITIALIZED_AUTOS = YES_AGGRESSIVE;
				GCC_WARN_UNUSED_FUNCTION = YES;
				GCC_WARN_UNUSED_VARIABLE = YES;
				IPHONEOS_DEPLOYMENT_TARGET = 12.1;
				MTL_ENABLE_DEBUG_INFO = INCLUDE_SOURCE;
				MTL_FAST_MATH = YES;
				ONLY_ACTIVE_ARCH = YES;
				SDKROOT = iphoneos;
				SWIFT_ACTIVE_COMPILATION_CONDITIONS = DEBUG;
				SWIFT_OPTIMIZATION_LEVEL = "-Onone";
			};
			name = Debug;
		};
		5441AC142248B6EF0018A293 /* Release */ = {
			isa = XCBuildConfiguration;
			buildSettings = {
				ALWAYS_SEARCH_USER_PATHS = NO;
				CLANG_ANALYZER_NONNULL = YES;
				CLANG_ANALYZER_NUMBER_OBJECT_CONVERSION = YES_AGGRESSIVE;
				CLANG_CXX_LANGUAGE_STANDARD = "gnu++14";
				CLANG_CXX_LIBRARY = "libc++";
				CLANG_ENABLE_MODULES = YES;
				CLANG_ENABLE_OBJC_ARC = YES;
				CLANG_ENABLE_OBJC_WEAK = YES;
				CLANG_WARN_BLOCK_CAPTURE_AUTORELEASING = YES;
				CLANG_WARN_BOOL_CONVERSION = YES;
				CLANG_WARN_COMMA = YES;
				CLANG_WARN_CONSTANT_CONVERSION = YES;
				CLANG_WARN_DEPRECATED_OBJC_IMPLEMENTATIONS = YES;
				CLANG_WARN_DIRECT_OBJC_ISA_USAGE = YES_ERROR;
				CLANG_WARN_DOCUMENTATION_COMMENTS = YES;
				CLANG_WARN_EMPTY_BODY = YES;
				CLANG_WARN_ENUM_CONVERSION = YES;
				CLANG_WARN_INFINITE_RECURSION = YES;
				CLANG_WARN_INT_CONVERSION = YES;
				CLANG_WARN_NON_LITERAL_NULL_CONVERSION = YES;
				CLANG_WARN_OBJC_IMPLICIT_RETAIN_SELF = YES;
				CLANG_WARN_OBJC_LITERAL_CONVERSION = YES;
				CLANG_WARN_OBJC_ROOT_CLASS = YES_ERROR;
				CLANG_WARN_RANGE_LOOP_ANALYSIS = YES;
				CLANG_WARN_STRICT_PROTOTYPES = YES;
				CLANG_WARN_SUSPICIOUS_MOVE = YES;
				CLANG_WARN_UNGUARDED_AVAILABILITY = YES_AGGRESSIVE;
				CLANG_WARN_UNREACHABLE_CODE = YES;
				CLANG_WARN__DUPLICATE_METHOD_MATCH = YES;
				CODE_SIGN_IDENTITY = "iPhone Developer";
				COPY_PHASE_STRIP = NO;
				DEBUG_INFORMATION_FORMAT = "dwarf-with-dsym";
				ENABLE_NS_ASSERTIONS = NO;
				ENABLE_STRICT_OBJC_MSGSEND = YES;
				GCC_C_LANGUAGE_STANDARD = gnu11;
				GCC_NO_COMMON_BLOCKS = YES;
				GCC_WARN_64_TO_32_BIT_CONVERSION = YES;
				GCC_WARN_ABOUT_RETURN_TYPE = YES_ERROR;
				GCC_WARN_UNDECLARED_SELECTOR = YES;
				GCC_WARN_UNINITIALIZED_AUTOS = YES_AGGRESSIVE;
				GCC_WARN_UNUSED_FUNCTION = YES;
				GCC_WARN_UNUSED_VARIABLE = YES;
				IPHONEOS_DEPLOYMENT_TARGET = 12.1;
				MTL_ENABLE_DEBUG_INFO = NO;
				MTL_FAST_MATH = YES;
				SDKROOT = iphoneos;
				SWIFT_COMPILATION_MODE = wholemodule;
				SWIFT_OPTIMIZATION_LEVEL = "-O";
				VALIDATE_PRODUCT = YES;
			};
			name = Release;
		};
		5441AC162248B6EF0018A293 /* Debug */ = {
			isa = XCBuildConfiguration;
			baseConfigurationReference = AEECB3018321B39DDF8AEEC3 /* Pods-NAME.debug.xcconfig */;
			buildSettings = {
				ASSETCATALOG_COMPILER_APPICON_NAME = AppIcon;
				CODE_SIGN_STYLE = Automatic;
				DEVELOPMENT_TEAM = W76H98A34A;
				INFOPLIST_FILE = NAME/Info.plist;
				LD_RUNPATH_SEARCH_PATHS = (
					"$(inherited)",
					"@executable_path/Frameworks",
				);
				PRODUCT_BUNDLE_IDENTIFIER = nus.cs3216.iMeetU;
				PRODUCT_NAME = "$(TARGET_NAME)";
				SWIFT_VERSION = 4.2;
				TARGETED_DEVICE_FAMILY = 2;
			};
			name = Debug;
		};
		5441AC172248B6EF0018A293 /* Release */ = {
			isa = XCBuildConfiguration;
			baseConfigurationReference = 4E1D1D84429E810A94851115 /* Pods-NAME.release.xcconfig */;
			buildSettings = {
				ASSETCATALOG_COMPILER_APPICON_NAME = AppIcon;
				CODE_SIGN_STYLE = Automatic;
				DEVELOPMENT_TEAM = W76H98A34A;
				INFOPLIST_FILE = NAME/Info.plist;
				LD_RUNPATH_SEARCH_PATHS = (
					"$(inherited)",
					"@executable_path/Frameworks",
				);
				PRODUCT_BUNDLE_IDENTIFIER = nus.cs3216.iMeetU;
				PRODUCT_NAME = "$(TARGET_NAME)";
				SWIFT_VERSION = 4.2;
				TARGETED_DEVICE_FAMILY = 2;
			};
			name = Release;
		};
		5441AC192248B6EF0018A293 /* Debug */ = {
			isa = XCBuildConfiguration;
			baseConfigurationReference = AEA8FAF9005D3B23BAB3DF0C /* Pods-NAMETests.debug.xcconfig */;
			buildSettings = {
				ALWAYS_EMBED_SWIFT_STANDARD_LIBRARIES = YES;
				BUNDLE_LOADER = "$(TEST_HOST)";
				CODE_SIGN_STYLE = Automatic;
				DEVELOPMENT_TEAM = W76H98A34A;
				INFOPLIST_FILE = NAMETests/Info.plist;
				LD_RUNPATH_SEARCH_PATHS = (
					"$(inherited)",
					"@executable_path/Frameworks",
					"@loader_path/Frameworks",
				);
				PRODUCT_BUNDLE_IDENTIFIER = nus.cs3217.a0169022w.NAMETests;
				PRODUCT_NAME = "$(TARGET_NAME)";
				SWIFT_VERSION = 4.2;
				TARGETED_DEVICE_FAMILY = "1,2";
				TEST_HOST = "$(BUILT_PRODUCTS_DIR)/NAME.app/NAME";
			};
			name = Debug;
		};
		5441AC1A2248B6EF0018A293 /* Release */ = {
			isa = XCBuildConfiguration;
			baseConfigurationReference = 4DF07BBB677C695984C7A3BB /* Pods-NAMETests.release.xcconfig */;
			buildSettings = {
				ALWAYS_EMBED_SWIFT_STANDARD_LIBRARIES = YES;
				BUNDLE_LOADER = "$(TEST_HOST)";
				CODE_SIGN_STYLE = Automatic;
				DEVELOPMENT_TEAM = W76H98A34A;
				INFOPLIST_FILE = NAMETests/Info.plist;
				LD_RUNPATH_SEARCH_PATHS = (
					"$(inherited)",
					"@executable_path/Frameworks",
					"@loader_path/Frameworks",
				);
				PRODUCT_BUNDLE_IDENTIFIER = nus.cs3217.a0169022w.NAMETests;
				PRODUCT_NAME = "$(TARGET_NAME)";
				SWIFT_VERSION = 4.2;
				TARGETED_DEVICE_FAMILY = "1,2";
				TEST_HOST = "$(BUILT_PRODUCTS_DIR)/NAME.app/NAME";
			};
			name = Release;
		};
		5441AC1C2248B6EF0018A293 /* Debug */ = {
			isa = XCBuildConfiguration;
			baseConfigurationReference = 03671C37A0F8EF90D64F7BCE /* Pods-NAMEUITests.debug.xcconfig */;
			buildSettings = {
				ALWAYS_EMBED_SWIFT_STANDARD_LIBRARIES = YES;
				CODE_SIGN_STYLE = Automatic;
				DEVELOPMENT_TEAM = W76H98A34A;
				INFOPLIST_FILE = NAMEUITests/Info.plist;
				LD_RUNPATH_SEARCH_PATHS = (
					"$(inherited)",
					"@executable_path/Frameworks",
					"@loader_path/Frameworks",
				);
				PRODUCT_BUNDLE_IDENTIFIER = nus.cs3217.a0169022w.NAMEUITests;
				PRODUCT_NAME = "$(TARGET_NAME)";
				SWIFT_VERSION = 4.2;
				TARGETED_DEVICE_FAMILY = "1,2";
				TEST_TARGET_NAME = NAME;
			};
			name = Debug;
		};
		5441AC1D2248B6EF0018A293 /* Release */ = {
			isa = XCBuildConfiguration;
			baseConfigurationReference = 26A79F660793D6D261C3F3E0 /* Pods-NAMEUITests.release.xcconfig */;
			buildSettings = {
				ALWAYS_EMBED_SWIFT_STANDARD_LIBRARIES = YES;
				CODE_SIGN_STYLE = Automatic;
				DEVELOPMENT_TEAM = W76H98A34A;
				INFOPLIST_FILE = NAMEUITests/Info.plist;
				LD_RUNPATH_SEARCH_PATHS = (
					"$(inherited)",
					"@executable_path/Frameworks",
					"@loader_path/Frameworks",
				);
				PRODUCT_BUNDLE_IDENTIFIER = nus.cs3217.a0169022w.NAMEUITests;
				PRODUCT_NAME = "$(TARGET_NAME)";
				SWIFT_VERSION = 4.2;
				TARGETED_DEVICE_FAMILY = "1,2";
				TEST_TARGET_NAME = NAME;
			};
			name = Release;
		};
/* End XCBuildConfiguration section */

/* Begin XCConfigurationList section */
		5441ABE82248B6ED0018A293 /* Build configuration list for PBXProject "NAME" */ = {
			isa = XCConfigurationList;
			buildConfigurations = (
				5441AC132248B6EF0018A293 /* Debug */,
				5441AC142248B6EF0018A293 /* Release */,
			);
			defaultConfigurationIsVisible = 0;
			defaultConfigurationName = Release;
		};
		5441AC152248B6EF0018A293 /* Build configuration list for PBXNativeTarget "NAME" */ = {
			isa = XCConfigurationList;
			buildConfigurations = (
				5441AC162248B6EF0018A293 /* Debug */,
				5441AC172248B6EF0018A293 /* Release */,
			);
			defaultConfigurationIsVisible = 0;
			defaultConfigurationName = Release;
		};
		5441AC182248B6EF0018A293 /* Build configuration list for PBXNativeTarget "NAMETests" */ = {
			isa = XCConfigurationList;
			buildConfigurations = (
				5441AC192248B6EF0018A293 /* Debug */,
				5441AC1A2248B6EF0018A293 /* Release */,
			);
			defaultConfigurationIsVisible = 0;
			defaultConfigurationName = Release;
		};
		5441AC1B2248B6EF0018A293 /* Build configuration list for PBXNativeTarget "NAMEUITests" */ = {
			isa = XCConfigurationList;
			buildConfigurations = (
				5441AC1C2248B6EF0018A293 /* Debug */,
				5441AC1D2248B6EF0018A293 /* Release */,
			);
			defaultConfigurationIsVisible = 0;
			defaultConfigurationName = Release;
		};
/* End XCConfigurationList section */
	};
	rootObject = 5441ABE52248B6ED0018A293 /* Project object */;
}
